// !$*UTF8*$!
{
	archiveVersion = 1;
	classes = {
	};
	objectVersion = 55;
	objects = {

/* Begin PBXBuildFile section */
		35028467283B9F9F0088981D /* WeatherController.swift in Sources */ = {isa = PBXBuildFile; fileRef = 35028466283B9F9F0088981D /* WeatherController.swift */; };
		35117772283EE93E00645C5A /* DataServices in Frameworks */ = {isa = PBXBuildFile; productRef = 35117771283EE93E00645C5A /* DataServices */; };
		35117774283EF2ED00645C5A /* ControllerProtocols in Frameworks */ = {isa = PBXBuildFile; productRef = 35117773283EF2ED00645C5A /* ControllerProtocols */; };
		3520FD56283DA21900BF2466 /* MithrilBaseApp+Injection.swift in Sources */ = {isa = PBXBuildFile; fileRef = 3520FD55283DA21900BF2466 /* MithrilBaseApp+Injection.swift */; };
		3534DD51283AFA840045DC34 /* WeatherPageViewModel.swift in Sources */ = {isa = PBXBuildFile; fileRef = 3534DD50283AFA840045DC34 /* WeatherPageViewModel.swift */; };
		3534DD56283B01550045DC34 /* Configurations.swift in Sources */ = {isa = PBXBuildFile; fileRef = 3534DD55283B01550045DC34 /* Configurations.swift */; };
		3579F0B3283E50520006A339 /* BusinessModels in Frameworks */ = {isa = PBXBuildFile; productRef = 3579F0B2283E50520006A339 /* BusinessModels */; };
		3579F0C6283E5C820006A339 /* Resolver-Static in Frameworks */ = {isa = PBXBuildFile; productRef = 3579F0C5283E5C820006A339 /* Resolver-Static */; };
		3579F0C9283E5CB30006A339 /* Alamofire in Frameworks */ = {isa = PBXBuildFile; productRef = 3579F0C8283E5CB30006A339 /* Alamofire */; };
		3579F0CD283E5DC10006A339 /* DataServiceProtocols in Frameworks */ = {isa = PBXBuildFile; productRef = 3579F0CC283E5DC10006A339 /* DataServiceProtocols */; };
		35D9BBB12839F585001D627F /* MithrilBaseApp.swift in Sources */ = {isa = PBXBuildFile; fileRef = 35D9BBB02839F585001D627F /* MithrilBaseApp.swift */; };
		35D9BBB32839F585001D627F /* WeatherPage.swift in Sources */ = {isa = PBXBuildFile; fileRef = 35D9BBB22839F585001D627F /* WeatherPage.swift */; };
		35D9BBB52839F586001D627F /* Assets.xcassets in Resources */ = {isa = PBXBuildFile; fileRef = 35D9BBB42839F586001D627F /* Assets.xcassets */; };
		35D9BBB82839F586001D627F /* Preview Assets.xcassets in Resources */ = {isa = PBXBuildFile; fileRef = 35D9BBB72839F586001D627F /* Preview Assets.xcassets */; };
		35D9BBC22839F586001D627F /* MithrilBaseTests.swift in Sources */ = {isa = PBXBuildFile; fileRef = 35D9BBC12839F586001D627F /* MithrilBaseTests.swift */; };
		35D9BBCC2839F586001D627F /* MithrilBaseUITests.swift in Sources */ = {isa = PBXBuildFile; fileRef = 35D9BBCB2839F586001D627F /* MithrilBaseUITests.swift */; };
		35D9BBCE2839F586001D627F /* MithrilBaseUITestsLaunchTests.swift in Sources */ = {isa = PBXBuildFile; fileRef = 35D9BBCD2839F586001D627F /* MithrilBaseUITestsLaunchTests.swift */; };
/* End PBXBuildFile section */

/* Begin PBXContainerItemProxy section */
		35D9BBBE2839F586001D627F /* PBXContainerItemProxy */ = {
			isa = PBXContainerItemProxy;
			containerPortal = 35D9BBA52839F585001D627F /* Project object */;
			proxyType = 1;
			remoteGlobalIDString = 35D9BBAC2839F585001D627F;
			remoteInfo = MithrilBase;
		};
		35D9BBC82839F586001D627F /* PBXContainerItemProxy */ = {
			isa = PBXContainerItemProxy;
			containerPortal = 35D9BBA52839F585001D627F /* Project object */;
			proxyType = 1;
			remoteGlobalIDString = 35D9BBAC2839F585001D627F;
			remoteInfo = MithrilBase;
		};
/* End PBXContainerItemProxy section */

/* Begin PBXFileReference section */
		35028466283B9F9F0088981D /* WeatherController.swift */ = {isa = PBXFileReference; lastKnownFileType = sourcecode.swift; path = WeatherController.swift; sourceTree = "<group>"; };
		3520FD55283DA21900BF2466 /* MithrilBaseApp+Injection.swift */ = {isa = PBXFileReference; lastKnownFileType = sourcecode.swift; path = "MithrilBaseApp+Injection.swift"; sourceTree = "<group>"; };
		3534DD50283AFA840045DC34 /* WeatherPageViewModel.swift */ = {isa = PBXFileReference; lastKnownFileType = sourcecode.swift; path = WeatherPageViewModel.swift; sourceTree = "<group>"; };
		3534DD55283B01550045DC34 /* Configurations.swift */ = {isa = PBXFileReference; lastKnownFileType = sourcecode.swift; path = Configurations.swift; sourceTree = "<group>"; };
		35D9BBAD2839F585001D627F /* MithrilBase.app */ = {isa = PBXFileReference; explicitFileType = wrapper.application; includeInIndex = 0; path = MithrilBase.app; sourceTree = BUILT_PRODUCTS_DIR; };
		35D9BBB02839F585001D627F /* MithrilBaseApp.swift */ = {isa = PBXFileReference; lastKnownFileType = sourcecode.swift; path = MithrilBaseApp.swift; sourceTree = "<group>"; };
		35D9BBB22839F585001D627F /* WeatherPage.swift */ = {isa = PBXFileReference; lastKnownFileType = sourcecode.swift; path = WeatherPage.swift; sourceTree = "<group>"; };
		35D9BBB42839F586001D627F /* Assets.xcassets */ = {isa = PBXFileReference; lastKnownFileType = folder.assetcatalog; path = Assets.xcassets; sourceTree = "<group>"; };
		35D9BBB72839F586001D627F /* Preview Assets.xcassets */ = {isa = PBXFileReference; lastKnownFileType = folder.assetcatalog; path = "Preview Assets.xcassets"; sourceTree = "<group>"; };
		35D9BBBD2839F586001D627F /* MithrilBaseTests.xctest */ = {isa = PBXFileReference; explicitFileType = wrapper.cfbundle; includeInIndex = 0; path = MithrilBaseTests.xctest; sourceTree = BUILT_PRODUCTS_DIR; };
		35D9BBC12839F586001D627F /* MithrilBaseTests.swift */ = {isa = PBXFileReference; lastKnownFileType = sourcecode.swift; path = MithrilBaseTests.swift; sourceTree = "<group>"; };
		35D9BBC72839F586001D627F /* MithrilBaseUITests.xctest */ = {isa = PBXFileReference; explicitFileType = wrapper.cfbundle; includeInIndex = 0; path = MithrilBaseUITests.xctest; sourceTree = BUILT_PRODUCTS_DIR; };
		35D9BBCB2839F586001D627F /* MithrilBaseUITests.swift */ = {isa = PBXFileReference; lastKnownFileType = sourcecode.swift; path = MithrilBaseUITests.swift; sourceTree = "<group>"; };
		35D9BBCD2839F586001D627F /* MithrilBaseUITestsLaunchTests.swift */ = {isa = PBXFileReference; lastKnownFileType = sourcecode.swift; path = MithrilBaseUITestsLaunchTests.swift; sourceTree = "<group>"; };
/* End PBXFileReference section */

/* Begin PBXFrameworksBuildPhase section */
		35D9BBAA2839F585001D627F /* Frameworks */ = {
			isa = PBXFrameworksBuildPhase;
			buildActionMask = 2147483647;
			files = (
				3579F0CD283E5DC10006A339 /* DataServiceProtocols in Frameworks */,
				3579F0C9283E5CB30006A339 /* Alamofire in Frameworks */,
				35117774283EF2ED00645C5A /* ControllerProtocols in Frameworks */,
				3579F0B3283E50520006A339 /* BusinessModels in Frameworks */,
				35117772283EE93E00645C5A /* DataServices in Frameworks */,
				3579F0C6283E5C820006A339 /* Resolver-Static in Frameworks */,
			);
			runOnlyForDeploymentPostprocessing = 0;
		};
		35D9BBBA2839F586001D627F /* Frameworks */ = {
			isa = PBXFrameworksBuildPhase;
			buildActionMask = 2147483647;
			files = (
			);
			runOnlyForDeploymentPostprocessing = 0;
		};
		35D9BBC42839F586001D627F /* Frameworks */ = {
			isa = PBXFrameworksBuildPhase;
			buildActionMask = 2147483647;
			files = (
			);
			runOnlyForDeploymentPostprocessing = 0;
		};
/* End PBXFrameworksBuildPhase section */

/* Begin PBXGroup section */
		35028465283B9F8D0088981D /* Controllers */ = {
			isa = PBXGroup;
			children = (
				3520FD57283DA26000BF2466 /* ControllerProtocols */,
				35028466283B9F9F0088981D /* WeatherController.swift */,
			);
			path = Controllers;
			sourceTree = "<group>";
		};
		3520FD57283DA26000BF2466 /* ControllerProtocols */ = {
			isa = PBXGroup;
			children = (
			);
			path = ControllerProtocols;
			sourceTree = "<group>";
		};
		3534DD4E283AF9500045DC34 /* Views */ = {
			isa = PBXGroup;
			children = (
				35D9BBB22839F585001D627F /* WeatherPage.swift */,
			);
			path = Views;
			sourceTree = "<group>";
		};
		3534DD4F283AF9BB0045DC34 /* ViewModel */ = {
			isa = PBXGroup;
			children = (
				3534DD50283AFA840045DC34 /* WeatherPageViewModel.swift */,
			);
			path = ViewModel;
			sourceTree = "<group>";
		};
		3579F0B1283E50520006A339 /* Frameworks */ = {
			isa = PBXGroup;
			children = (
			);
			name = Frameworks;
			sourceTree = "<group>";
		};
		35D9BBA42839F585001D627F = {
			isa = PBXGroup;
			children = (
				35D9BBAF2839F585001D627F /* MithrilBase */,
				35D9BBC02839F586001D627F /* MithrilBaseTests */,
				35D9BBCA2839F586001D627F /* MithrilBaseUITests */,
				35D9BBAE2839F585001D627F /* Products */,
				3579F0B1283E50520006A339 /* Frameworks */,
			);
			sourceTree = "<group>";
		};
		35D9BBAE2839F585001D627F /* Products */ = {
			isa = PBXGroup;
			children = (
				35D9BBAD2839F585001D627F /* MithrilBase.app */,
				35D9BBBD2839F586001D627F /* MithrilBaseTests.xctest */,
				35D9BBC72839F586001D627F /* MithrilBaseUITests.xctest */,
			);
			name = Products;
			sourceTree = "<group>";
		};
		35D9BBAF2839F585001D627F /* MithrilBase */ = {
			isa = PBXGroup;
			children = (
				35028465283B9F8D0088981D /* Controllers */,
				3534DD4F283AF9BB0045DC34 /* ViewModel */,
				3534DD4E283AF9500045DC34 /* Views */,
				35D9BBB02839F585001D627F /* MithrilBaseApp.swift */,
				35D9BBB42839F586001D627F /* Assets.xcassets */,
				35D9BBB62839F586001D627F /* Preview Content */,
				3534DD55283B01550045DC34 /* Configurations.swift */,
				3520FD55283DA21900BF2466 /* MithrilBaseApp+Injection.swift */,
			);
			path = MithrilBase;
			sourceTree = "<group>";
		};
		35D9BBB62839F586001D627F /* Preview Content */ = {
			isa = PBXGroup;
			children = (
				35D9BBB72839F586001D627F /* Preview Assets.xcassets */,
			);
			path = "Preview Content";
			sourceTree = "<group>";
		};
		35D9BBC02839F586001D627F /* MithrilBaseTests */ = {
			isa = PBXGroup;
			children = (
				35D9BBC12839F586001D627F /* MithrilBaseTests.swift */,
			);
			path = MithrilBaseTests;
			sourceTree = "<group>";
		};
		35D9BBCA2839F586001D627F /* MithrilBaseUITests */ = {
			isa = PBXGroup;
			children = (
				35D9BBCB2839F586001D627F /* MithrilBaseUITests.swift */,
				35D9BBCD2839F586001D627F /* MithrilBaseUITestsLaunchTests.swift */,
			);
			path = MithrilBaseUITests;
			sourceTree = "<group>";
		};
/* End PBXGroup section */

/* Begin PBXNativeTarget section */
		35D9BBAC2839F585001D627F /* MithrilBase */ = {
			isa = PBXNativeTarget;
			buildConfigurationList = 35D9BBD12839F586001D627F /* Build configuration list for PBXNativeTarget "MithrilBase" */;
			buildPhases = (
				35D9BBA92839F585001D627F /* Sources */,
				35D9BBAA2839F585001D627F /* Frameworks */,
				35D9BBAB2839F585001D627F /* Resources */,
			);
			buildRules = (
			);
			dependencies = (
			);
			name = MithrilBase;
			packageProductDependencies = (
				3579F0B2283E50520006A339 /* BusinessModels */,
				3579F0C5283E5C820006A339 /* Resolver-Static */,
				3579F0C8283E5CB30006A339 /* Alamofire */,
				3579F0CC283E5DC10006A339 /* DataServiceProtocols */,
				35117771283EE93E00645C5A /* DataServices */,
				35117773283EF2ED00645C5A /* ControllerProtocols */,
			);
			productName = MithrilBase;
			productReference = 35D9BBAD2839F585001D627F /* MithrilBase.app */;
			productType = "com.apple.product-type.application";
		};
		35D9BBBC2839F586001D627F /* MithrilBaseTests */ = {
			isa = PBXNativeTarget;
			buildConfigurationList = 35D9BBD42839F586001D627F /* Build configuration list for PBXNativeTarget "MithrilBaseTests" */;
			buildPhases = (
				35D9BBB92839F586001D627F /* Sources */,
				35D9BBBA2839F586001D627F /* Frameworks */,
				35D9BBBB2839F586001D627F /* Resources */,
			);
			buildRules = (
			);
			dependencies = (
				35D9BBBF2839F586001D627F /* PBXTargetDependency */,
			);
			name = MithrilBaseTests;
			productName = MithrilBaseTests;
			productReference = 35D9BBBD2839F586001D627F /* MithrilBaseTests.xctest */;
			productType = "com.apple.product-type.bundle.unit-test";
		};
		35D9BBC62839F586001D627F /* MithrilBaseUITests */ = {
			isa = PBXNativeTarget;
			buildConfigurationList = 35D9BBD72839F586001D627F /* Build configuration list for PBXNativeTarget "MithrilBaseUITests" */;
			buildPhases = (
				35D9BBC32839F586001D627F /* Sources */,
				35D9BBC42839F586001D627F /* Frameworks */,
				35D9BBC52839F586001D627F /* Resources */,
			);
			buildRules = (
			);
			dependencies = (
				35D9BBC92839F586001D627F /* PBXTargetDependency */,
			);
			name = MithrilBaseUITests;
			productName = MithrilBaseUITests;
			productReference = 35D9BBC72839F586001D627F /* MithrilBaseUITests.xctest */;
			productType = "com.apple.product-type.bundle.ui-testing";
		};
/* End PBXNativeTarget section */

/* Begin PBXProject section */
		35D9BBA52839F585001D627F /* Project object */ = {
			isa = PBXProject;
			attributes = {
				BuildIndependentTargetsInParallel = 1;
				LastSwiftUpdateCheck = 1320;
				LastUpgradeCheck = 1320;
				TargetAttributes = {
					35D9BBAC2839F585001D627F = {
						CreatedOnToolsVersion = 13.2.1;
					};
					35D9BBBC2839F586001D627F = {
						CreatedOnToolsVersion = 13.2.1;
						TestTargetID = 35D9BBAC2839F585001D627F;
					};
					35D9BBC62839F586001D627F = {
						CreatedOnToolsVersion = 13.2.1;
						TestTargetID = 35D9BBAC2839F585001D627F;
					};
				};
			};
			buildConfigurationList = 35D9BBA82839F585001D627F /* Build configuration list for PBXProject "MithrilBase" */;
			compatibilityVersion = "Xcode 13.0";
			developmentRegion = en;
			hasScannedForEncodings = 0;
			knownRegions = (
				en,
				Base,
			);
			mainGroup = 35D9BBA42839F585001D627F;
			packageReferences = (
				3579F0C4283E5C820006A339 /* XCRemoteSwiftPackageReference "Resolver" */,
				3579F0C7283E5CB30006A339 /* XCRemoteSwiftPackageReference "Alamofire" */,
			);
			productRefGroup = 35D9BBAE2839F585001D627F /* Products */;
			projectDirPath = "";
			projectRoot = "";
			targets = (
				35D9BBAC2839F585001D627F /* MithrilBase */,
				35D9BBBC2839F586001D627F /* MithrilBaseTests */,
				35D9BBC62839F586001D627F /* MithrilBaseUITests */,
			);
		};
/* End PBXProject section */

/* Begin PBXResourcesBuildPhase section */
		35D9BBAB2839F585001D627F /* Resources */ = {
			isa = PBXResourcesBuildPhase;
			buildActionMask = 2147483647;
			files = (
				35D9BBB82839F586001D627F /* Preview Assets.xcassets in Resources */,
				35D9BBB52839F586001D627F /* Assets.xcassets in Resources */,
			);
			runOnlyForDeploymentPostprocessing = 0;
		};
		35D9BBBB2839F586001D627F /* Resources */ = {
			isa = PBXResourcesBuildPhase;
			buildActionMask = 2147483647;
			files = (
			);
			runOnlyForDeploymentPostprocessing = 0;
		};
		35D9BBC52839F586001D627F /* Resources */ = {
			isa = PBXResourcesBuildPhase;
			buildActionMask = 2147483647;
			files = (
			);
			runOnlyForDeploymentPostprocessing = 0;
		};
/* End PBXResourcesBuildPhase section */

/* Begin PBXSourcesBuildPhase section */
		35D9BBA92839F585001D627F /* Sources */ = {
			isa = PBXSourcesBuildPhase;
			buildActionMask = 2147483647;
			files = (
				35D9BBB32839F585001D627F /* WeatherPage.swift in Sources */,
				3520FD56283DA21900BF2466 /* MithrilBaseApp+Injection.swift in Sources */,
				35D9BBB12839F585001D627F /* MithrilBaseApp.swift in Sources */,
				3534DD56283B01550045DC34 /* Configurations.swift in Sources */,
				3534DD51283AFA840045DC34 /* WeatherPageViewModel.swift in Sources */,
				35028467283B9F9F0088981D /* WeatherController.swift in Sources */,
			);
			runOnlyForDeploymentPostprocessing = 0;
		};
		35D9BBB92839F586001D627F /* Sources */ = {
			isa = PBXSourcesBuildPhase;
			buildActionMask = 2147483647;
			files = (
				35D9BBC22839F586001D627F /* MithrilBaseTests.swift in Sources */,
			);
			runOnlyForDeploymentPostprocessing = 0;
		};
		35D9BBC32839F586001D627F /* Sources */ = {
			isa = PBXSourcesBuildPhase;
			buildActionMask = 2147483647;
			files = (
				35D9BBCC2839F586001D627F /* MithrilBaseUITests.swift in Sources */,
				35D9BBCE2839F586001D627F /* MithrilBaseUITestsLaunchTests.swift in Sources */,
			);
			runOnlyForDeploymentPostprocessing = 0;
		};
/* End PBXSourcesBuildPhase section */

/* Begin PBXTargetDependency section */
		35D9BBBF2839F586001D627F /* PBXTargetDependency */ = {
			isa = PBXTargetDependency;
			target = 35D9BBAC2839F585001D627F /* MithrilBase */;
			targetProxy = 35D9BBBE2839F586001D627F /* PBXContainerItemProxy */;
		};
		35D9BBC92839F586001D627F /* PBXTargetDependency */ = {
			isa = PBXTargetDependency;
			target = 35D9BBAC2839F585001D627F /* MithrilBase */;
			targetProxy = 35D9BBC82839F586001D627F /* PBXContainerItemProxy */;
		};
/* End PBXTargetDependency section */

/* Begin XCBuildConfiguration section */
		35D9BBCF2839F586001D627F /* Debug */ = {
			isa = XCBuildConfiguration;
			buildSettings = {
				ALWAYS_SEARCH_USER_PATHS = NO;
				CLANG_ANALYZER_NONNULL = YES;
				CLANG_ANALYZER_NUMBER_OBJECT_CONVERSION = YES_AGGRESSIVE;
				CLANG_CXX_LANGUAGE_STANDARD = "gnu++17";
				CLANG_CXX_LIBRARY = "libc++";
				CLANG_ENABLE_MODULES = YES;
				CLANG_ENABLE_OBJC_ARC = YES;
				CLANG_ENABLE_OBJC_WEAK = YES;
				CLANG_WARN_BLOCK_CAPTURE_AUTORELEASING = YES;
				CLANG_WARN_BOOL_CONVERSION = YES;
				CLANG_WARN_COMMA = YES;
				CLANG_WARN_CONSTANT_CONVERSION = YES;
				CLANG_WARN_DEPRECATED_OBJC_IMPLEMENTATIONS = YES;
				CLANG_WARN_DIRECT_OBJC_ISA_USAGE = YES_ERROR;
				CLANG_WARN_DOCUMENTATION_COMMENTS = YES;
				CLANG_WARN_EMPTY_BODY = YES;
				CLANG_WARN_ENUM_CONVERSION = YES;
				CLANG_WARN_INFINITE_RECURSION = YES;
				CLANG_WARN_INT_CONVERSION = YES;
				CLANG_WARN_NON_LITERAL_NULL_CONVERSION = YES;
				CLANG_WARN_OBJC_IMPLICIT_RETAIN_SELF = YES;
				CLANG_WARN_OBJC_LITERAL_CONVERSION = YES;
				CLANG_WARN_OBJC_ROOT_CLASS = YES_ERROR;
				CLANG_WARN_QUOTED_INCLUDE_IN_FRAMEWORK_HEADER = YES;
				CLANG_WARN_RANGE_LOOP_ANALYSIS = YES;
				CLANG_WARN_STRICT_PROTOTYPES = YES;
				CLANG_WARN_SUSPICIOUS_MOVE = YES;
				CLANG_WARN_UNGUARDED_AVAILABILITY = YES_AGGRESSIVE;
				CLANG_WARN_UNREACHABLE_CODE = YES;
				CLANG_WARN__DUPLICATE_METHOD_MATCH = YES;
				COPY_PHASE_STRIP = NO;
				DEBUG_INFORMATION_FORMAT = dwarf;
				ENABLE_STRICT_OBJC_MSGSEND = YES;
				ENABLE_TESTABILITY = YES;
				GCC_C_LANGUAGE_STANDARD = gnu11;
				GCC_DYNAMIC_NO_PIC = NO;
				GCC_NO_COMMON_BLOCKS = YES;
				GCC_OPTIMIZATION_LEVEL = 0;
				GCC_PREPROCESSOR_DEFINITIONS = (
					"DEBUG=1",
					"$(inherited)",
				);
				GCC_WARN_64_TO_32_BIT_CONVERSION = YES;
				GCC_WARN_ABOUT_RETURN_TYPE = YES_ERROR;
				GCC_WARN_UNDECLARED_SELECTOR = YES;
				GCC_WARN_UNINITIALIZED_AUTOS = YES_AGGRESSIVE;
				GCC_WARN_UNUSED_FUNCTION = YES;
				GCC_WARN_UNUSED_VARIABLE = YES;
				IPHONEOS_DEPLOYMENT_TARGET = 15.2;
				MTL_ENABLE_DEBUG_INFO = INCLUDE_SOURCE;
				MTL_FAST_MATH = YES;
				ONLY_ACTIVE_ARCH = YES;
				SDKROOT = iphoneos;
				SWIFT_ACTIVE_COMPILATION_CONDITIONS = DEBUG;
				SWIFT_OPTIMIZATION_LEVEL = "-Onone";
			};
			name = Debug;
		};
		35D9BBD02839F586001D627F /* Release */ = {
			isa = XCBuildConfiguration;
			buildSettings = {
				ALWAYS_SEARCH_USER_PATHS = NO;
				CLANG_ANALYZER_NONNULL = YES;
				CLANG_ANALYZER_NUMBER_OBJECT_CONVERSION = YES_AGGRESSIVE;
				CLANG_CXX_LANGUAGE_STANDARD = "gnu++17";
				CLANG_CXX_LIBRARY = "libc++";
				CLANG_ENABLE_MODULES = YES;
				CLANG_ENABLE_OBJC_ARC = YES;
				CLANG_ENABLE_OBJC_WEAK = YES;
				CLANG_WARN_BLOCK_CAPTURE_AUTORELEASING = YES;
				CLANG_WARN_BOOL_CONVERSION = YES;
				CLANG_WARN_COMMA = YES;
				CLANG_WARN_CONSTANT_CONVERSION = YES;
				CLANG_WARN_DEPRECATED_OBJC_IMPLEMENTATIONS = YES;
				CLANG_WARN_DIRECT_OBJC_ISA_USAGE = YES_ERROR;
				CLANG_WARN_DOCUMENTATION_COMMENTS = YES;
				CLANG_WARN_EMPTY_BODY = YES;
				CLANG_WARN_ENUM_CONVERSION = YES;
				CLANG_WARN_INFINITE_RECURSION = YES;
				CLANG_WARN_INT_CONVERSION = YES;
				CLANG_WARN_NON_LITERAL_NULL_CONVERSION = YES;
				CLANG_WARN_OBJC_IMPLICIT_RETAIN_SELF = YES;
				CLANG_WARN_OBJC_LITERAL_CONVERSION = YES;
				CLANG_WARN_OBJC_ROOT_CLASS = YES_ERROR;
				CLANG_WARN_QUOTED_INCLUDE_IN_FRAMEWORK_HEADER = YES;
				CLANG_WARN_RANGE_LOOP_ANALYSIS = YES;
				CLANG_WARN_STRICT_PROTOTYPES = YES;
				CLANG_WARN_SUSPICIOUS_MOVE = YES;
				CLANG_WARN_UNGUARDED_AVAILABILITY = YES_AGGRESSIVE;
				CLANG_WARN_UNREACHABLE_CODE = YES;
				CLANG_WARN__DUPLICATE_METHOD_MATCH = YES;
				COPY_PHASE_STRIP = NO;
				DEBUG_INFORMATION_FORMAT = "dwarf-with-dsym";
				ENABLE_NS_ASSERTIONS = NO;
				ENABLE_STRICT_OBJC_MSGSEND = YES;
				GCC_C_LANGUAGE_STANDARD = gnu11;
				GCC_NO_COMMON_BLOCKS = YES;
				GCC_WARN_64_TO_32_BIT_CONVERSION = YES;
				GCC_WARN_ABOUT_RETURN_TYPE = YES_ERROR;
				GCC_WARN_UNDECLARED_SELECTOR = YES;
				GCC_WARN_UNINITIALIZED_AUTOS = YES_AGGRESSIVE;
				GCC_WARN_UNUSED_FUNCTION = YES;
				GCC_WARN_UNUSED_VARIABLE = YES;
				IPHONEOS_DEPLOYMENT_TARGET = 15.2;
				MTL_ENABLE_DEBUG_INFO = NO;
				MTL_FAST_MATH = YES;
				SDKROOT = iphoneos;
				SWIFT_COMPILATION_MODE = wholemodule;
				SWIFT_OPTIMIZATION_LEVEL = "-O";
				VALIDATE_PRODUCT = YES;
			};
			name = Release;
		};
		35D9BBD22839F586001D627F /* Debug */ = {
			isa = XCBuildConfiguration;
			buildSettings = {
				ASSETCATALOG_COMPILER_APPICON_NAME = AppIcon;
				ASSETCATALOG_COMPILER_GLOBAL_ACCENT_COLOR_NAME = AccentColor;
				CODE_SIGN_STYLE = Automatic;
				CURRENT_PROJECT_VERSION = 1;
				DEVELOPMENT_ASSET_PATHS = "\"MithrilBase/Preview Content\"";
				ENABLE_PREVIEWS = YES;
				GENERATE_INFOPLIST_FILE = YES;
				INFOPLIST_KEY_UIApplicationSceneManifest_Generation = YES;
				INFOPLIST_KEY_UIApplicationSupportsIndirectInputEvents = YES;
				INFOPLIST_KEY_UILaunchScreen_Generation = YES;
				INFOPLIST_KEY_UISupportedInterfaceOrientations_iPad = "UIInterfaceOrientationPortrait UIInterfaceOrientationPortraitUpsideDown UIInterfaceOrientationLandscapeLeft UIInterfaceOrientationLandscapeRight";
				INFOPLIST_KEY_UISupportedInterfaceOrientations_iPhone = "UIInterfaceOrientationPortrait UIInterfaceOrientationLandscapeLeft UIInterfaceOrientationLandscapeRight";
				IPHONEOS_DEPLOYMENT_TARGET = 15.2;
				LD_RUNPATH_SEARCH_PATHS = (
					"$(inherited)",
					"@executable_path/Frameworks",
				);
				MARKETING_VERSION = 1.0;
				PRODUCT_BUNDLE_IDENTIFIER = net.xanril.MithrilBase;
				PRODUCT_NAME = "$(TARGET_NAME)";
				SWIFT_EMIT_LOC_STRINGS = YES;
				SWIFT_VERSION = 5.0;
				TARGETED_DEVICE_FAMILY = "1,2";
			};
			name = Debug;
		};
		35D9BBD32839F586001D627F /* Release */ = {
			isa = XCBuildConfiguration;
			buildSettings = {
				ASSETCATALOG_COMPILER_APPICON_NAME = AppIcon;
				ASSETCATALOG_COMPILER_GLOBAL_ACCENT_COLOR_NAME = AccentColor;
				CODE_SIGN_STYLE = Automatic;
				CURRENT_PROJECT_VERSION = 1;
				DEVELOPMENT_ASSET_PATHS = "\"MithrilBase/Preview Content\"";
				ENABLE_PREVIEWS = YES;
				GENERATE_INFOPLIST_FILE = YES;
				INFOPLIST_KEY_UIApplicationSceneManifest_Generation = YES;
				INFOPLIST_KEY_UIApplicationSupportsIndirectInputEvents = YES;
				INFOPLIST_KEY_UILaunchScreen_Generation = YES;
				INFOPLIST_KEY_UISupportedInterfaceOrientations_iPad = "UIInterfaceOrientationPortrait UIInterfaceOrientationPortraitUpsideDown UIInterfaceOrientationLandscapeLeft UIInterfaceOrientationLandscapeRight";
				INFOPLIST_KEY_UISupportedInterfaceOrientations_iPhone = "UIInterfaceOrientationPortrait UIInterfaceOrientationLandscapeLeft UIInterfaceOrientationLandscapeRight";
				IPHONEOS_DEPLOYMENT_TARGET = 15.2;
				LD_RUNPATH_SEARCH_PATHS = (
					"$(inherited)",
					"@executable_path/Frameworks",
				);
				MARKETING_VERSION = 1.0;
				PRODUCT_BUNDLE_IDENTIFIER = net.xanril.MithrilBase;
				PRODUCT_NAME = "$(TARGET_NAME)";
				SWIFT_EMIT_LOC_STRINGS = YES;
				SWIFT_VERSION = 5.0;
				TARGETED_DEVICE_FAMILY = "1,2";
			};
			name = Release;
		};
		35D9BBD52839F586001D627F /* Debug */ = {
			isa = XCBuildConfiguration;
			buildSettings = {
				ALWAYS_EMBED_SWIFT_STANDARD_LIBRARIES = YES;
				BUNDLE_LOADER = "$(TEST_HOST)";
				CODE_SIGN_STYLE = Automatic;
				CURRENT_PROJECT_VERSION = 1;
				GENERATE_INFOPLIST_FILE = YES;
				IPHONEOS_DEPLOYMENT_TARGET = 15.2;
				MARKETING_VERSION = 1.0;
				PRODUCT_BUNDLE_IDENTIFIER = net.xanril.MithrilBaseTests;
				PRODUCT_NAME = "$(TARGET_NAME)";
				SWIFT_EMIT_LOC_STRINGS = NO;
				SWIFT_VERSION = 5.0;
				TARGETED_DEVICE_FAMILY = "1,2";
				TEST_HOST = "$(BUILT_PRODUCTS_DIR)/MithrilBase.app/MithrilBase";
			};
			name = Debug;
		};
		35D9BBD62839F586001D627F /* Release */ = {
			isa = XCBuildConfiguration;
			buildSettings = {
				ALWAYS_EMBED_SWIFT_STANDARD_LIBRARIES = YES;
				BUNDLE_LOADER = "$(TEST_HOST)";
				CODE_SIGN_STYLE = Automatic;
				CURRENT_PROJECT_VERSION = 1;
				GENERATE_INFOPLIST_FILE = YES;
				IPHONEOS_DEPLOYMENT_TARGET = 15.2;
				MARKETING_VERSION = 1.0;
				PRODUCT_BUNDLE_IDENTIFIER = net.xanril.MithrilBaseTests;
				PRODUCT_NAME = "$(TARGET_NAME)";
				SWIFT_EMIT_LOC_STRINGS = NO;
				SWIFT_VERSION = 5.0;
				TARGETED_DEVICE_FAMILY = "1,2";
				TEST_HOST = "$(BUILT_PRODUCTS_DIR)/MithrilBase.app/MithrilBase";
			};
			name = Release;
		};
		35D9BBD82839F586001D627F /* Debug */ = {
			isa = XCBuildConfiguration;
			buildSettings = {
				ALWAYS_EMBED_SWIFT_STANDARD_LIBRARIES = YES;
				CODE_SIGN_STYLE = Automatic;
				CURRENT_PROJECT_VERSION = 1;
				GENERATE_INFOPLIST_FILE = YES;
				MARKETING_VERSION = 1.0;
				PRODUCT_BUNDLE_IDENTIFIER = net.xanril.MithrilBaseUITests;
				PRODUCT_NAME = "$(TARGET_NAME)";
				SWIFT_EMIT_LOC_STRINGS = NO;
				SWIFT_VERSION = 5.0;
				TARGETED_DEVICE_FAMILY = "1,2";
				TEST_TARGET_NAME = MithrilBase;
			};
			name = Debug;
		};
		35D9BBD92839F586001D627F /* Release */ = {
			isa = XCBuildConfiguration;
			buildSettings = {
				ALWAYS_EMBED_SWIFT_STANDARD_LIBRARIES = YES;
				CODE_SIGN_STYLE = Automatic;
				CURRENT_PROJECT_VERSION = 1;
				GENERATE_INFOPLIST_FILE = YES;
				MARKETING_VERSION = 1.0;
				PRODUCT_BUNDLE_IDENTIFIER = net.xanril.MithrilBaseUITests;
				PRODUCT_NAME = "$(TARGET_NAME)";
				SWIFT_EMIT_LOC_STRINGS = NO;
				SWIFT_VERSION = 5.0;
				TARGETED_DEVICE_FAMILY = "1,2";
				TEST_TARGET_NAME = MithrilBase;
			};
			name = Release;
		};
/* End XCBuildConfiguration section */

/* Begin XCConfigurationList section */
		35D9BBA82839F585001D627F /* Build configuration list for PBXProject "MithrilBase" */ = {
			isa = XCConfigurationList;
			buildConfigurations = (
				35D9BBCF2839F586001D627F /* Debug */,
				35D9BBD02839F586001D627F /* Release */,
			);
			defaultConfigurationIsVisible = 0;
			defaultConfigurationName = Release;
		};
		35D9BBD12839F586001D627F /* Build configuration list for PBXNativeTarget "MithrilBase" */ = {
			isa = XCConfigurationList;
			buildConfigurations = (
				35D9BBD22839F586001D627F /* Debug */,
				35D9BBD32839F586001D627F /* Release */,
			);
			defaultConfigurationIsVisible = 0;
			defaultConfigurationName = Release;
		};
		35D9BBD42839F586001D627F /* Build configuration list for PBXNativeTarget "MithrilBaseTests" */ = {
			isa = XCConfigurationList;
			buildConfigurations = (
				35D9BBD52839F586001D627F /* Debug */,
				35D9BBD62839F586001D627F /* Release */,
			);
			defaultConfigurationIsVisible = 0;
			defaultConfigurationName = Release;
		};
		35D9BBD72839F586001D627F /* Build configuration list for PBXNativeTarget "MithrilBaseUITests" */ = {
			isa = XCConfigurationList;
			buildConfigurations = (
				35D9BBD82839F586001D627F /* Debug */,
				35D9BBD92839F586001D627F /* Release */,
			);
			defaultConfigurationIsVisible = 0;
			defaultConfigurationName = Release;
		};
/* End XCConfigurationList section */

/* Begin XCRemoteSwiftPackageReference section */
		3579F0C4283E5C820006A339 /* XCRemoteSwiftPackageReference "Resolver" */ = {
			isa = XCRemoteSwiftPackageReference;
			repositoryURL = "https://github.com/hmlongco/Resolver";
			requirement = {
				kind = upToNextMajorVersion;
				minimumVersion = 1.0.0;
			};
		};
		3579F0C7283E5CB30006A339 /* XCRemoteSwiftPackageReference "Alamofire" */ = {
			isa = XCRemoteSwiftPackageReference;
			repositoryURL = "https://github.com/Alamofire/Alamofire.git";
			requirement = {
				kind = upToNextMajorVersion;
				minimumVersion = 5.0.0;
			};
		};
/* End XCRemoteSwiftPackageReference section */

/* Begin XCSwiftPackageProductDependency section */
		35117771283EE93E00645C5A /* DataServices */ = {
			isa = XCSwiftPackageProductDependency;
			productName = DataServices;
		};
		35117773283EF2ED00645C5A /* ControllerProtocols */ = {
			isa = XCSwiftPackageProductDependency;
			productName = ControllerProtocols;
		};
		3579F0B2283E50520006A339 /* BusinessModels */ = {
			isa = XCSwiftPackageProductDependency;
			productName = BusinessModels;
		};
		3579F0C5283E5C820006A339 /* Resolver-Static */ = {
			isa = XCSwiftPackageProductDependency;
			package = 3579F0C4283E5C820006A339 /* XCRemoteSwiftPackageReference "Resolver" */;
			productName = "Resolver-Static";
		};
		3579F0C8283E5CB30006A339 /* Alamofire */ = {
			isa = XCSwiftPackageProductDependency;
			package = 3579F0C7283E5CB30006A339 /* XCRemoteSwiftPackageReference "Alamofire" */;
			productName = Alamofire;
		};
		3579F0CC283E5DC10006A339 /* DataServiceProtocols */ = {
			isa = XCSwiftPackageProductDependency;
			productName = DataServiceProtocols;
		};
/* End XCSwiftPackageProductDependency section */
	};
	rootObject = 35D9BBA52839F585001D627F /* Project object */;
}
