{
  "pins" : [
    {
      "identity" : "alamofire",
      "kind" : "remoteSourceControl",
      "location" : "https://github.com/Alamofire/Alamofire.git",
      "state" : {
        "revision" : "354dda32d89fc8cd4f5c46487f64957d355f53d8",
        "version" : "5.6.1"
      }
    },
    {
      "identity" : "factory",
      "kind" : "remoteSourceControl",
      "location" : "https://github.com/hmlongco/Factory",
      "state" : {
        "revision" : "df622bf129ceb0915319a9651174800cfda87b2c",
        "version" : "2.0.3"
      }
    },
    {
      "identity" : "mithrilcore",
      "kind" : "remoteSourceControl",
      "location" : "https://github.com/xanril/MithrilCore.git",
      "state" : {
        "branch" : "main",
        "revision" : "2b41ea42d67cdf328a0c2c79c518379949b549c6"
      }
    }
  ],
  "version" : 2
}
